{
  "name": "jeremycowcher",
  "lockfileVersion": 3,
  "requires": true,
  "packages": {
    "": {
      "name": "jeremycowcher",
      "dependencies": {
        "gemka-tokens": "^0.2.0",
        "marked": "^15.0.0"
      }
    },
    "node_modules/gemka-tokens": {
      "version": "0.2.0",
      "resolved": "https://registry.npmjs.org/gemka-tokens/-/gemka-tokens-0.2.0.tgz",
      "integrity": "sha512-3J0kM0PVZ8UfFXzv/iOYc9UrD3b0ysoJj47STheC3ywB/G6FoPFbMsvq5MVbIjkahDS8xTncOY/kDaYpZ50Yuw==",
      "license": "UNLICENSED"
    },
    "node_modules/marked": {
      "version": "15.0.12",
      "resolved": "https://registry.npmjs.org/marked/-/marked-15.0.12.tgz",
      "integrity": "sha512-8dD6FusOQSrpv9Z1rdNMdlSgQOIP880DHqnohobOmYLElGEqAL/JvxvuxZO16r4HtjTlfPRDC1hbvxC9dPN2nA==",
      "license": "MIT",
      "bin": {
        "marked": "bin/marked.js"
      },
      "engines": {
        "node": ">= 18"
      }
    }
  }
}
