{
  "name": "jeremycowcher",
  "lockfileVersion": 3,
  "requires": true,
  "packages": {
    "": {
      "name": "jeremycowcher",
      "dependencies": {
        "@gemka/core": "^0.7.0",
        "marked": "^15.0.0"
      }
    },
    "node_modules/@gemka/core": {
      "version": "0.7.0",
      "resolved": "https://registry.npmjs.org/@gemka/core/-/core-0.7.0.tgz",
      "integrity": "sha512-3j9KPVXfMszpCfCy8cqg0HNpDXkA1+o30L7cz+1fov+WrHWrqOzxgNUHYeKhNicRd6P6v2LvQejL2rlN7Cse+g==",
      "license": "UNLICENSED"
    },
    "node_modules/marked": {
      "version": "15.0.12",
      "resolved": "https://registry.npmjs.org/marked/-/marked-15.0.12.tgz",
      "integrity": "sha512-8dD6FusOQSrpv9Z1rdNMdlSgQOIP880DHqnohobOmYLElGEqAL/JvxvuxZO16r4HtjTlfPRDC1hbvxC9dPN2nA==",
      "license": "MIT",
      "bin": {
        "marked": "bin/marked.js"
      },
      "engines": {
        "node": ">= 18"
      }
    }
  }
}
